{
  "version": "3",
  "packages": {
    "specifiers": {
      "jsr:@oak/commons@0.11": "jsr:@oak/commons@0.11.0",
      "jsr:@std/assert@0.223": "jsr:@std/assert@0.223.0",
      "jsr:@std/assert@0.226": "jsr:@std/assert@0.226.0",
      "jsr:@std/assert@^0.223.0": "jsr:@std/assert@0.223.0",
      "jsr:@std/assert@^0.224.0": "jsr:@std/assert@0.224.0",
      "jsr:@std/bytes@0.223": "jsr:@std/bytes@0.223.0",
      "jsr:@std/bytes@0.224": "jsr:@std/bytes@0.224.0",
      "jsr:@std/bytes@^0.223.0": "jsr:@std/bytes@0.223.0",
      "jsr:@std/crypto@0.223": "jsr:@std/crypto@0.223.0",
      "jsr:@std/crypto@0.224": "jsr:@std/crypto@0.224.0",
      "jsr:@std/encoding@1.0.0-rc.2": "jsr:@std/encoding@1.0.0-rc.2",
      "jsr:@std/encoding@^0.223.0": "jsr:@std/encoding@0.223.0",
      "jsr:@std/http@0.223": "jsr:@std/http@0.223.0",
      "jsr:@std/http@0.224": "jsr:@std/http@0.224.5",
      "jsr:@std/io@0.223": "jsr:@std/io@0.223.0",
      "jsr:@std/media-types@0.223": "jsr:@std/media-types@0.223.0",
      "jsr:@std/media-types@0.224": "jsr:@std/media-types@0.224.1",
      "jsr:@std/path@0.223": "jsr:@std/path@0.223.0",
      "npm:@types/node": "npm:@types/node@18.16.19",
      "npm:path-to-regexp@6.2.1": "npm:path-to-regexp@6.2.1"
    },
    "jsr": {
      "@oak/commons@0.11.0": {
        "integrity": "07702bfe5c07cd8144c422022994da1f9fea466b185824f4be63a2b1b1a65125",
        "dependencies": [
          "jsr:@std/assert@0.226",
          "jsr:@std/bytes@0.224",
          "jsr:@std/crypto@0.224",
          "jsr:@std/http@0.224",
          "jsr:@std/media-types@0.224"
        ]
      },
      "@std/assert@0.223.0": {
        "integrity": "eb8d6d879d76e1cc431205bd346ed4d88dc051c6366365b1af47034b0670be24"
      },
      "@std/assert@0.224.0": {
        "integrity": "8643233ec7aec38a940a8264a6e3eed9bfa44e7a71cc6b3c8874213ff401967f"
      },
      "@std/assert@0.226.0": {
        "integrity": "0dfb5f7c7723c18cec118e080fec76ce15b4c31154b15ad2bd74822603ef75b3"
      },
      "@std/bytes@0.223.0": {
        "integrity": "84b75052cd8680942c397c2631318772b295019098f40aac5c36cead4cba51a8"
      },
      "@std/bytes@0.224.0": {
        "integrity": "a2250e1d0eb7d1c5a426f21267ab9bdeac2447fa87a3d0d1a467d3f7a6058e49"
      },
      "@std/crypto@0.223.0": {
        "integrity": "1aa9555ff56b09e197ad988ea200f84bc6781fd4fd83f3a156ee44449af93000",
        "dependencies": [
          "jsr:@std/assert@^0.223.0",
          "jsr:@std/encoding@^0.223.0"
        ]
      },
      "@std/crypto@0.224.0": {
        "integrity": "154ef3ff08ef535562ef1a718718c5b2c5fc3808f0f9100daad69e829bfcdf2d",
        "dependencies": [
          "jsr:@std/assert@^0.224.0"
        ]
      },
      "@std/encoding@0.223.0": {
        "integrity": "2b5615a75e00337ce113f34cf2f9b8c18182c751a8dcc8b1a2c2fc0e117bef00"
      },
      "@std/encoding@1.0.0-rc.2": {
        "integrity": "160d7674a20ebfbccdf610b3801fee91cf6e42d1c106dd46bbaf46e395cd35ef"
      },
      "@std/http@0.223.0": {
        "integrity": "15ab8a0c5a7e9d5be017a15b01600f20f66602ceec48b378939fa24fcec522aa",
        "dependencies": [
          "jsr:@std/assert@^0.223.0",
          "jsr:@std/encoding@^0.223.0"
        ]
      },
      "@std/http@0.224.5": {
        "integrity": "b03b5d1529f6c423badfb82f6640f9f2557b4034cd7c30655ba5bb447ff750a4",
        "dependencies": [
          "jsr:@std/encoding@1.0.0-rc.2"
        ]
      },
      "@std/io@0.223.0": {
        "integrity": "2d8c3c2ab3a515619b90da2c6ff5ea7b75a94383259ef4d02116b228393f84f1",
        "dependencies": [
          "jsr:@std/bytes@^0.223.0"
        ]
      },
      "@std/media-types@0.223.0": {
        "integrity": "84684680c2eb6bc6d9369c6d6f26a49decaf2c7603ff531862dda575d9d6776e"
      },
      "@std/media-types@0.224.1": {
        "integrity": "9e69a5daed37c5b5c6d3ce4731dc191f80e67f79bed392b0957d1d03b87f11e1"
      },
      "@std/path@0.223.0": {
        "integrity": "593963402d7e6597f5a6e620931661053572c982fc014000459edc1f93cc3989",
        "dependencies": [
          "jsr:@std/assert@^0.223.0"
        ]
      }
    },
    "npm": {
      "@types/node@18.16.19": {
        "integrity": "sha512-IXl7o+R9iti9eBW4Wg2hx1xQDig183jj7YLn8F7udNceyfkbn1ZxmzZXuak20gR40D7pIkIY1kYGx5VIGbaHKA==",
        "dependencies": {}
      },
      "path-to-regexp@6.2.1": {
        "integrity": "sha512-JLyh7xT1kizaEvcaXOQwOc2/Yhw6KZOvPf1S8401UyLk86CU79LN3vl7ztXGm/pZ+YjoyAJ4rxmHwbkBXJX+yw==",
        "dependencies": {}
      }
    }
  },
  "redirects": {
    "https://deno.land/x/oak/mod.ts": "https://deno.land/x/oak@v16.1.0/mod.ts"
  },
  "remote": {
    "https://deno.land/std@0.61.0/_util/assert.ts": "e1f76e77c5ccb5a8e0dbbbe6cce3a56d2556c8cb5a9a8802fc9565af72462149",
    "https://deno.land/std@0.61.0/_util/has_own_property.ts": "91a2ef2fae5d941643a6472b97cac7ed8060a96deb66f4fafb4a2750c8af18e5",
    "https://deno.land/std@0.61.0/async/deferred.ts": "ac95025f46580cf5197928ba90995d87f26e202c19ad961bc4e3177310894cdc",
    "https://deno.land/std@0.61.0/async/delay.ts": "35957d585a6e3dd87706858fb1d6b551cb278271b03f52c5a2cb70e65e00c26a",
    "https://deno.land/std@0.61.0/async/mod.ts": "bf46766747775d0fc4070940d20d45fb311c814989485861cdc8a8ef0e3bbbab",
    "https://deno.land/std@0.61.0/async/mux_async_iterator.ts": "f6ca1b70f05e3cb676956d70a3230c99925288cf67e4e0b0bbaf34759b41945b",
    "https://deno.land/std@0.61.0/bytes/mod.ts": "b1a149ac741728db00bda9ce1a2d044f248edd5ac95e708a6cc501bfd3adb4a7",
    "https://deno.land/std@0.61.0/encoding/utf8.ts": "8654fa820aa69a37ec5eb11908e20b39d056c9bf1c23ab294303ff467f3d50a1",
    "https://deno.land/std@0.61.0/fmt/colors.ts": "06444b6ebc3842a4b2340d804bfa81fc5452a03513cbb81bd7f6bf8f4b8f3ac4",
    "https://deno.land/std@0.61.0/hash/sha1.ts": "c1a97bde767b98b88495470f39c30c37e44ac3984409f120ef65fd84c9d27608",
    "https://deno.land/std@0.61.0/hash/sha256.ts": "1aedfb09bcb067929de6ad78f3b074b802ec94ec96c8a07b80475d90942cb221",
    "https://deno.land/std@0.61.0/http/_io.ts": "7a31bf7d0167685d8d0ff4eca93b558cd26539695d1ddbd715ee28bf1dc7db17",
    "https://deno.land/std@0.61.0/http/http_status.ts": "0ecc0799a208f49452023b1b927106ba5a2c13cc6cf6666345db028239d554ab",
    "https://deno.land/std@0.61.0/http/server.ts": "3bae933acb2645d863f0f87a91070d2478ad24b828ce27936711377426896b29",
    "https://deno.land/std@0.61.0/io/bufio.ts": "dd1fc575524fe8b44e128091ba0e6833be7d0966336ef12a407544440b762e17",
    "https://deno.land/std@0.61.0/io/ioutil.ts": "9f434a266181e6bd03ff1cd4d30163637655422f26d147c397d9305b904cb40d",
    "https://deno.land/std@0.61.0/path/_constants.ts": "e11f32a36644e04dce243f3c1f30c02cc5d149827f48a755628176f0707cfc70",
    "https://deno.land/std@0.61.0/path/_globrex.ts": "696996deed47bd98fcab9de0034233380ead443a5cd702631151c6a71e3d21a2",
    "https://deno.land/std@0.61.0/path/_interface.ts": "5876f91d35fd42624893a4aaddaee352144e1f46e719f1dde6511bab7c3c1029",
    "https://deno.land/std@0.61.0/path/_util.ts": "76f73f9b4a994e2859e9d4544cfc34f0ff21b48893c65023025e572c21a43542",
    "https://deno.land/std@0.61.0/path/common.ts": "e4ec66a7416d56f60331b66e27a8a4f08c7b1cf48e350271cb69754a01cf5c04",
    "https://deno.land/std@0.61.0/path/glob.ts": "ff5c4d04d643083dc5c8a46da83b8c836934155c2a7ad72675c43092b2a435ea",
    "https://deno.land/std@0.61.0/path/mod.ts": "6de8885c2534757097818e302becd1cefcbc4c28ac022cc279e612ee04e8cfd1",
    "https://deno.land/std@0.61.0/path/posix.ts": "2ed477953d037fd42d077822e6db0adaa8dcc4ce1cfbb673b0a49ce1c1c301ff",
    "https://deno.land/std@0.61.0/path/separator.ts": "9dd15d46ff84a16e13554f56af7fee1f85f8d0f379efbbe60ac066a60561f036",
    "https://deno.land/std@0.61.0/path/win32.ts": "e4f0b577346f0936d92b6473369248773db217ce385295024a6875e559376e43",
    "https://deno.land/std@0.61.0/testing/asserts.ts": "e12228748a139acfbf00c3ef6022fefd9fc265d7c2034368bad2cd80099c76df",
    "https://deno.land/std@0.61.0/testing/diff.ts": "77338e2b479626c096278d7b4a95f750753ee39558f314db6b794e8d8a98d515",
    "https://deno.land/std@0.61.0/textproto/mod.ts": "ee6bad9818d3fb44ecb2e0bbf9fc5b6a871fb332145800c54f732bf805dddff2",
    "https://deno.land/std@0.61.0/ws/mod.ts": "7063b3f6b9fcd4ef766c35b0588c85c4160999ef70a4cef92377d709848d8b52",
    "https://deno.land/x/media_types@v2.4.2/db.ts": "56a9deab286b6283e1df021d74ee3319353f27f7827716b6443427fff2fc6e24",
    "https://deno.land/x/media_types@v2.4.2/deps.ts": "e9b3da67c55907c7206abff65b36be9d483089c3c33385994a6507a35a8d769c",
    "https://deno.land/x/media_types@v2.4.2/mod.ts": "94141d7c415fcdad350fec9d36d77c18334efe25766db6f37d34709c896881ed",
    "https://deno.land/x/oak@v16.1.0/application.ts": "c6361a3c3fb3607c5dfe1800b156f07b612979dc0498c746aeca54bb9f643a92",
    "https://deno.land/x/oak@v16.1.0/body.ts": "0f8a6843720ea6cebba2132a5e4dda5a97bbd49e7fb64e96ade0b7c8009bba2d",
    "https://deno.land/x/oak@v16.1.0/context.ts": "a93a5b41dde2ceb52232ae31b3496be76e8a42ea421a73d7cffe9e640adb8dfd",
    "https://deno.land/x/oak@v16.1.0/deps.ts": "f960515f71091adecc3df5e2295b3acfc4f1c003e08be29fceec1f7616053433",
    "https://deno.land/x/oak@v16.1.0/http_server_bun.ts": "cb3a66c735cd0533c4c3776b37ae627ab42344c82f91dff63e3030d9656fd3a0",
    "https://deno.land/x/oak@v16.1.0/http_server_native.ts": "3bea00ebb9638203d2449fbf9a14a6b87f119bd45012f13282ececdf7b4c4242",
    "https://deno.land/x/oak@v16.1.0/http_server_native_request.ts": "a4da6f4939736e6323720db2d4b0d19ff2e83f02e52ab1eea9ae80f2c047fa56",
    "https://deno.land/x/oak@v16.1.0/http_server_node.ts": "9bb5291c15305b297fd634aa4c6b1d5054368f4b7a171d7c7c302c73eb2489ed",
    "https://deno.land/x/oak@v16.1.0/middleware.ts": "4170180fe5009d2581a0bdc995e5953b90ccb5b1c3767f3eae8a4fe238b8bd81",
    "https://deno.land/x/oak@v16.1.0/middleware/etag.ts": "310ed4ed01f2af5384ab78617c82a2bdd7f84d66539172e45ee16452846f0754",
    "https://deno.land/x/oak@v16.1.0/middleware/proxy.ts": "a0b4964509d4320735ffbe52ae2629c78e302dd9b934fcf2ddf189d491469892",
    "https://deno.land/x/oak@v16.1.0/middleware/serve.ts": "efceebd70afb73bcabe0a6a8981f3d8474a2f2f30e85b46761aee49e81bd9d6a",
    "https://deno.land/x/oak@v16.1.0/mod.ts": "38e53e01e609583e843f3e2b2677de9872d23d68939ce0de85b402e7a8db01a7",
    "https://deno.land/x/oak@v16.1.0/node_shims.ts": "4db1569b2b79b73f37c4d947f4aaa50a93e266d48fe67601c8a31af17a28884d",
    "https://deno.land/x/oak@v16.1.0/request.ts": "1e7f2c338cd6889b616bbdc9e2062eac27acbffde05c685adfb1c60ecc80682a",
    "https://deno.land/x/oak@v16.1.0/response.ts": "bc47174d3d797ffc802f40fba006c16de8390e776a36f6f4a4d4f58b278bf36f",
    "https://deno.land/x/oak@v16.1.0/router.ts": "882f36a576e280b0d617cc174feca320f02deed77bdea8264444ba8b55cc0422",
    "https://deno.land/x/oak@v16.1.0/send.ts": "c05e5985b356b568ae4954a40373f93451a3f8cc9ae8706c8b8879e5e0c8c86b",
    "https://deno.land/x/oak@v16.1.0/testing.ts": "c879789ac721144c3dcad0a06f5afbe2cd94fb20afc32302992942a49a7def90",
    "https://deno.land/x/oak@v16.1.0/types.ts": "cd4ccd3e182d0cba2117cd27f560267970470ab9c0ff6556cadd73f605193be7",
    "https://deno.land/x/oak@v16.1.0/utils/clone_state.ts": "cf8989ddd56816b36ada253ae0acdbd46cdf3d68dbe674d2b66c46640fab3500",
    "https://deno.land/x/oak@v16.1.0/utils/consts.ts": "137c4f73479f5e98a13153b9305f06f0d85df3cf2aacad2c9f82d4c1f3a2f105",
    "https://deno.land/x/oak@v16.1.0/utils/create_promise_with_resolvers.ts": "de99e9a998162b929a011f8873eaf0895cf4742492b3ce6f6866d39217342523",
    "https://deno.land/x/oak@v16.1.0/utils/decode_component.ts": "d3e2c40ecdd2fdb79761c6e9ae224cf01a4643f7c5f4c1e0b69698d43025261b",
    "https://deno.land/x/oak@v16.1.0/utils/encode_url.ts": "c0ed6b318eb9523adeebba32eb9acd059c0f94d3511b2b9e3b024722d1b3dfb8",
    "https://deno.land/x/oak@v16.1.0/utils/resolve_path.ts": "aa39d54a003b38fee55f340a0cba3f93a7af85b8ddd5fbfb049a98fc0109b36d",
    "https://deno.land/x/oak@v16.1.0/utils/streams.ts": "6d55543fdeddc3c9c6f512de227b9b33ff4b0ec5e320edc109f0cbf9bef8963f",
    "https://deno.land/x/oak@v16.1.0/utils/type_guards.ts": "a1b42aa4c431c4c07d3f8a45a2142020f86d5a3e1e319af94fdf2f4c6c72465f",
    "https://deno.land/x/oak@v6.0.1/application.ts": "545b6e1d00803fecab14f32c4e3dfda919c97d5ef674a3cd1f9cf2f555494beb",
    "https://deno.land/x/oak@v6.0.1/body.ts": "18497f073a789f4d84625b8b697b3c1257743902fc8d2fe82e1a37f5bb0a63c4",
    "https://deno.land/x/oak@v6.0.1/buf_reader.ts": "ced6a04ac8f529a18e1e85182ffe0cf82ee9477e1a8f5441a02e923f62bebc54",
    "https://deno.land/x/oak@v6.0.1/content_disposition.ts": "1504bb85669e6c7e6dd30210fa7e73c55aa40195ed40a090f4ad58568c2b9882",
    "https://deno.land/x/oak@v6.0.1/context.ts": "506f2c42657becf9a45ffb02efc6d131eb55f2364950c0ce209d9272586c3711",
    "https://deno.land/x/oak@v6.0.1/cookies.ts": "af291cb64ae0ccc40e6d777980d89d694e971131222130b1b11e9200b9cae6f1",
    "https://deno.land/x/oak@v6.0.1/deps.ts": "32e5f78f1035a3cc95930f07b062c7bc78a2df0fc2bea3bf4caaf9fd615f4268",
    "https://deno.land/x/oak@v6.0.1/headers.ts": "3fcd4efee596dc8a22f37ba9b96e6d4e277b1f9c2b9994be5af14761d99afe90",
    "https://deno.land/x/oak@v6.0.1/helpers.ts": "ffc907c49368dcbe591f0bfee122a354b3a66def9621de48e06bbbdefe913b3d",
    "https://deno.land/x/oak@v6.0.1/httpError.ts": "7e09654eb5e0843beca87934b9fea7a8af79f9da0cd15c220197e7c619a96708",
    "https://deno.land/x/oak@v6.0.1/isMediaType.ts": "77b94675822d7de7f6af21bb765ed9f25b956c7ac4d292dd66c2ecb9ea9478e5",
    "https://deno.land/x/oak@v6.0.1/keyStack.ts": "a490066c90cbfea6b7de73303b9530e68ffbe86ff48b99ff17dab1cc9cf0751f",
    "https://deno.land/x/oak@v6.0.1/mediaTyper.ts": "042b853fc8e9c3f6c628dd389e03ef481552bf07242efc3f8a1af042102a6105",
    "https://deno.land/x/oak@v6.0.1/middleware.ts": "024640237d616319c964524412cfd3b2add6c88c6cb05468b09b459121cacc19",
    "https://deno.land/x/oak@v6.0.1/mod.ts": "948cbd62197a8b73449d553b599794af7ed5e94964105d20f89e91db87f2c966",
    "https://deno.land/x/oak@v6.0.1/multipart.ts": "b79a61ea535c308c81e3ef5b60e9aa3c0b9ebcd6cad55d8c8f2ac852247fb927",
    "https://deno.land/x/oak@v6.0.1/negotiation/charset.ts": "b4c2e0c49dd5122f130f95bf29508448d983c424801b5bc304b00288b5ae3195",
    "https://deno.land/x/oak@v6.0.1/negotiation/common.ts": "f54d599d37408005f8c565d0f6505de51fed31feaa3654a7758e2359c006b02c",
    "https://deno.land/x/oak@v6.0.1/negotiation/encoding.ts": "b6b351150dfaa37d43c1e4679f0afa7ee70c2fa775d8bc8b9e9baf15bcf65888",
    "https://deno.land/x/oak@v6.0.1/negotiation/language.ts": "62ef13ea3146538dd52a4666611bd423ebb9a6438e7312398e17a4d16dbafb51",
    "https://deno.land/x/oak@v6.0.1/negotiation/mediaType.ts": "7e25cc34600beea3bf0b0879ff1783c752260fcb517dffea2e122830c36e8451",
    "https://deno.land/x/oak@v6.0.1/request.ts": "4e4c8b9b7b0b9c01730299078fe61613a1d0ab800e56656cabb339a013dbc5e7",
    "https://deno.land/x/oak@v6.0.1/response.ts": "5cdbb5aa3a040e4dba2995c69f129148b3f05cbf41fdb1b305306034b75b19e6",
    "https://deno.land/x/oak@v6.0.1/router.ts": "a6953bf13592a65b154a9b64cc6b1fe73f273432f92786d013dc670b4631dec1",
    "https://deno.land/x/oak@v6.0.1/send.ts": "3f937db7cbf2643ca8792b30b37400a57457385efa4a3cea6f484dd0c33b2877",
    "https://deno.land/x/oak@v6.0.1/server_sent_event.ts": "9a70da986c367c4689a6d3c8e9015e883ff0a1d6b0d451e20b9caf0c6a01cae5",
    "https://deno.land/x/oak@v6.0.1/tssCompare.ts": "bb88898156aad3157c30eebf87bc7312a2099f099c135090a937734fd8a15978",
    "https://deno.land/x/oak@v6.0.1/util.ts": "4db758c7ebc4902d79df495cc0c9aec3199f437d8fb190650703508dd7356ab6",
    "https://raw.githubusercontent.com/pillarjs/path-to-regexp/v6.1.0/src/index.ts": "8747ddaf85a761df4059cbc48a78cf710106f6b4c9d6932feb4d35120ac0990a"
  }
}
